
Microsoft Visual Studio Solution File, Format Version 12.00
# Visual Studio 14
VisualStudioVersion = 14.0.24720.0
MinimumVisualStudioVersion = 10.0.40219.1
Project("{FAE04EC0-301F-11D3-BF4B-00C04F79EFBC}") = "Stratosphere.Math", "Stratosphere.Math\Stratosphere.Math.csproj", "{470AF0B7-35C9-4CE8-9712-EEEC598B2E7C}"
EndProject
Project("{FAE04EC0-301F-11D3-BF4B-00C04F79EFBC}") = "Stratosphere.Tests.Math", "..\UnitTests\Stratosphere.Tests.Math\Stratosphere.Tests.Math.csproj", "{7CB3161C-1091-4822-8A90-74F007226FA6}"
EndProject
Project("{FAE04EC0-301F-11D3-BF4B-00C04F79EFBC}") = "Stratosphere.MachineLearning.Studio", "Stratosphere.MachineLearning.Studio\Stratosphere.MachineLearning.Studio.csproj", "{EA6BE691-FBEA-4002-9C97-50A733FD7538}"
EndProject
Global
	GlobalSection(SolutionConfigurationPlatforms) = preSolution
		Debug|Any CPU = Debug|Any CPU
		Release|Any CPU = Release|Any CPU
	EndGlobalSection
	GlobalSection(ProjectConfigurationPlatforms) = postSolution
		{470AF0B7-35C9-4CE8-9712-EEEC598B2E7C}.Debug|Any CPU.ActiveCfg = Debug|Any CPU
		{470AF0B7-35C9-4CE8-9712-EEEC598B2E7C}.Debug|Any CPU.Build.0 = Debug|Any CPU
		{470AF0B7-35C9-4CE8-9712-EEEC598B2E7C}.Release|Any CPU.ActiveCfg = Release|Any CPU
		{470AF0B7-35C9-4CE8-9712-EEEC598B2E7C}.Release|Any CPU.Build.0 = Release|Any CPU
		{7CB3161C-1091-4822-8A90-74F007226FA6}.Debug|Any CPU.ActiveCfg = Debug|Any CPU
		{7CB3161C-1091-4822-8A90-74F007226FA6}.Debug|Any CPU.Build.0 = Debug|Any CPU
		{7CB3161C-1091-4822-8A90-74F007226FA6}.Release|Any CPU.ActiveCfg = Release|Any CPU
		{7CB3161C-1091-4822-8A90-74F007226FA6}.Release|Any CPU.Build.0 = Release|Any CPU
		{EA6BE691-FBEA-4002-9C97-50A733FD7538}.Debug|Any CPU.ActiveCfg = Debug|Any CPU
		{EA6BE691-FBEA-4002-9C97-50A733FD7538}.Debug|Any CPU.Build.0 = Debug|Any CPU
		{EA6BE691-FBEA-4002-9C97-50A733FD7538}.Release|Any CPU.ActiveCfg = Release|Any CPU
		{EA6BE691-FBEA-4002-9C97-50A733FD7538}.Release|Any CPU.Build.0 = Release|Any CPU
	EndGlobalSection
	GlobalSection(SolutionProperties) = preSolution
		HideSolutionNode = FALSE
	EndGlobalSection
EndGlobal
